
Microsoft Visual Studio Solution File, Format Version 12.00
# Visual Studio Version 17
VisualStudioVersion = 17.3.32804.467
MinimumVisualStudioVersion = 10.0.40219.1
Project("{FAE04EC0-301F-11D3-BF4B-00C04F79EFBC}") = "TerbangSaja", "TerbangSaja\TerbangSaja.csproj", "{3AB10026-7059-4AB9-A8C1-30829ACEEDE4}"
EndProject
Global
	GlobalSection(SolutionConfigurationPlatforms) = preSolution
		Debug|Any CPU = Debug|Any CPU
		Release|Any CPU = Release|Any CPU
	EndGlobalSection
	GlobalSection(ProjectConfigurationPlatforms) = postSolution
		{3AB10026-7059-4AB9-A8C1-30829ACEEDE4}.Debug|Any CPU.ActiveCfg = Debug|Any CPU
		{3AB10026-7059-4AB9-A8C1-30829ACEEDE4}.Debug|Any CPU.Build.0 = Debug|Any CPU
		{3AB10026-7059-4AB9-A8C1-30829ACEEDE4}.Release|Any CPU.ActiveCfg = Release|Any CPU
		{3AB10026-7059-4AB9-A8C1-30829ACEEDE4}.Release|Any CPU.Build.0 = Release|Any CPU
	EndGlobalSection
	GlobalSection(SolutionProperties) = preSolution
		HideSolutionNode = FALSE
	EndGlobalSection
	GlobalSection(ExtensibilityGlobals) = postSolution
		SolutionGuid = {148533F9-76D1-48EA-B3EE-3F9E6158BE86}
	EndGlobalSection
EndGlobal
